
Microsoft Visual Studio Solution File, Format Version 12.00
# Visual Studio Version 17
VisualStudioVersion = 17.0.31912.275
MinimumVisualStudioVersion = 10.0.40219.1
Project("{FAE04EC0-301F-11D3-BF4B-00C04F79EFBC}") = "ugolovka", "ugolovka\ugolovka.csproj", "{F35B86F3-04D5-4DF6-B672-7CF8632A793D}"
EndProject
Global
	GlobalSection(SolutionConfigurationPlatforms) = preSolution
		Debug|Any CPU = Debug|Any CPU
		Release|Any CPU = Release|Any CPU
	EndGlobalSection
	GlobalSection(ProjectConfigurationPlatforms) = postSolution
		{F35B86F3-04D5-4DF6-B672-7CF8632A793D}.Debug|Any CPU.ActiveCfg = Debug|Any CPU
		{F35B86F3-04D5-4DF6-B672-7CF8632A793D}.Debug|Any CPU.Build.0 = Debug|Any CPU
		{F35B86F3-04D5-4DF6-B672-7CF8632A793D}.Release|Any CPU.ActiveCfg = Release|Any CPU
		{F35B86F3-04D5-4DF6-B672-7CF8632A793D}.Release|Any CPU.Build.0 = Release|Any CPU
	EndGlobalSection
	GlobalSection(SolutionProperties) = preSolution
		HideSolutionNode = FALSE
	EndGlobalSection
	GlobalSection(ExtensibilityGlobals) = postSolution
		SolutionGuid = {64C43721-FA92-4487-A770-B60487C9BE61}
	EndGlobalSection
EndGlobal
